
Microsoft Visual Studio Solution File, Format Version 12.00
# Visual Studio Version 16
VisualStudioVersion = 16.0.29728.190
MinimumVisualStudioVersion = 10.0.40219.1
Project("{9A19103F-16F7-4668-BE54-9A1E7A4F7556}") = "Http2Test", "Http2Test\Http2Test.csproj", "{B27A2986-E8DA-4231-8F60-DB88E6A0CC3B}"
EndProject
Project("{9A19103F-16F7-4668-BE54-9A1E7A4F7556}") = "HttpTest", "HttpTest\HttpTest.csproj", "{F8E5A233-E6E9-41C0-92B0-3F12BC0116A0}"
EndProject
Project("{9A19103F-16F7-4668-BE54-9A1E7A4F7556}") = "NetCore3Http2Test", "..\Http2Test\Http2Test3\NetCore3Http2Test.csproj", "{9C145677-636C-4FF8-ABCF-6B6E1909C30E}"
EndProject
Global
	GlobalSection(SolutionConfigurationPlatforms) = preSolution
		Debug|Any CPU = Debug|Any CPU
		Release|Any CPU = Release|Any CPU
	EndGlobalSection
	GlobalSection(ProjectConfigurationPlatforms) = postSolution
		{B27A2986-E8DA-4231-8F60-DB88E6A0CC3B}.Debug|Any CPU.ActiveCfg = Debug|Any CPU
		{B27A2986-E8DA-4231-8F60-DB88E6A0CC3B}.Debug|Any CPU.Build.0 = Debug|Any CPU
		{B27A2986-E8DA-4231-8F60-DB88E6A0CC3B}.Release|Any CPU.ActiveCfg = Release|Any CPU
		{B27A2986-E8DA-4231-8F60-DB88E6A0CC3B}.Release|Any CPU.Build.0 = Release|Any CPU
		{F8E5A233-E6E9-41C0-92B0-3F12BC0116A0}.Debug|Any CPU.ActiveCfg = Debug|Any CPU
		{F8E5A233-E6E9-41C0-92B0-3F12BC0116A0}.Debug|Any CPU.Build.0 = Debug|Any CPU
		{F8E5A233-E6E9-41C0-92B0-3F12BC0116A0}.Release|Any CPU.ActiveCfg = Release|Any CPU
		{F8E5A233-E6E9-41C0-92B0-3F12BC0116A0}.Release|Any CPU.Build.0 = Release|Any CPU
		{9C145677-636C-4FF8-ABCF-6B6E1909C30E}.Debug|Any CPU.ActiveCfg = Debug|Any CPU
		{9C145677-636C-4FF8-ABCF-6B6E1909C30E}.Debug|Any CPU.Build.0 = Debug|Any CPU
		{9C145677-636C-4FF8-ABCF-6B6E1909C30E}.Release|Any CPU.ActiveCfg = Release|Any CPU
		{9C145677-636C-4FF8-ABCF-6B6E1909C30E}.Release|Any CPU.Build.0 = Release|Any CPU
	EndGlobalSection
	GlobalSection(SolutionProperties) = preSolution
		HideSolutionNode = FALSE
	EndGlobalSection
	GlobalSection(ExtensibilityGlobals) = postSolution
		SolutionGuid = {34B2BB76-D20D-401D-BB91-7AFD30B4EBA9}
	EndGlobalSection
EndGlobal
